
Microsoft Visual Studio Solution File, Format Version 12.00
# Visual Studio 15
VisualStudioVersion = 15.0.28307.1300
MinimumVisualStudioVersion = 10.0.40219.1
Project("{FAE04EC0-301F-11D3-BF4B-00C04F79EFBC}") = "InnRoad-Property-Booking", "InnRoad-Property-Booking\InnRoad-Property-Booking.csproj", "{BBACF04D-CEA4-466E-8E9D-44792C5C5E4C}"
EndProject
Global
	GlobalSection(SolutionConfigurationPlatforms) = preSolution
		Debug|Any CPU = Debug|Any CPU
		Release|Any CPU = Release|Any CPU
	EndGlobalSection
	GlobalSection(ProjectConfigurationPlatforms) = postSolution
		{BBACF04D-CEA4-466E-8E9D-44792C5C5E4C}.Debug|Any CPU.ActiveCfg = Debug|Any CPU
		{BBACF04D-CEA4-466E-8E9D-44792C5C5E4C}.Debug|Any CPU.Build.0 = Debug|Any CPU
		{BBACF04D-CEA4-466E-8E9D-44792C5C5E4C}.Release|Any CPU.ActiveCfg = Release|Any CPU
		{BBACF04D-CEA4-466E-8E9D-44792C5C5E4C}.Release|Any CPU.Build.0 = Release|Any CPU
	EndGlobalSection
	GlobalSection(SolutionProperties) = preSolution
		HideSolutionNode = FALSE
	EndGlobalSection
	GlobalSection(ExtensibilityGlobals) = postSolution
		SolutionGuid = {22E5D50B-F9D3-4D4C-9985-64684E90B4CB}
	EndGlobalSection
EndGlobal
